lockfileVersion: '9.0'
settings:
  autoInstallPeers: true
  excludeLinksFromLockfile: false
importers:
  .:
    dependencies:
      nanoid:
        specifier: ^5.0.7
        version: 5.0.7
      react:
        specifier: ^18.3.1
        version: 18.3.1
      react-dom:
        specifier: ^18.3.1
        version: 18.3.1
      zustand:
        specifier: ^4.5.2
        version: 4.5.2
    devDependencies:
      '@types/react':
        specifier: ^18.3.5
        version: 18.3.5
      '@types/react-dom':
        specifier: ^18.3.0
        version: 18.3.0
      '@typescript-eslint/eslint-plugin':
        specifier: ^8.10.0
        version: 8.10.0
      '@typescript-eslint/parser':
        specifier: ^8.10.0
        version: 8.10.0
      '@vitejs/plugin-react':
        specifier: ^4.3.1
        version: 4.3.1
      eslint:
        specifier: ^9.11.1
        version: 9.11.1
      ts-node:
        specifier: ^10.9.2
        version: 10.9.2
      typescript:
        specifier: ^5.6.3
        version: 5.6.3
      vite:
        specifier: ^5.4.8
        version: 5.4.8
    specifiers:
      '@types/react': ^18.3.5
      '@types/react-dom': ^18.3.0
      '@typescript-eslint/eslint-plugin': ^8.10.0
      '@typescript-eslint/parser': ^8.10.0
      '@vitejs/plugin-react': ^4.3.1
      eslint: ^9.11.1
      nanoid: ^5.0.7
      react: ^18.3.1
      react-dom: ^18.3.1
      ts-node: ^10.9.2
      typescript: ^5.6.3
      vite: ^5.4.8
      zustand: ^4.5.2
packages: {}
